Microsoft Visual Studio Solution File, Format Version 12.00
# Visual Studio Version 17
VisualStudioVersion = 17.5.2.0
MinimumVisualStudioVersion = 10.0.40219.1
Project("{FAE04EC0-301F-11D3-BF4B-00C04F79EFBC}") = "LegacyBookStore", "LegacyBookStore.csproj", "{604AC96E-6A03-0E71-44C5-2F3B178DD699}"
EndProject
Global
	GlobalSection(SolutionConfigurationPlatforms) = preSolution
		Debug|Any CPU = Debug|Any CPU
		Release|Any CPU = Release|Any CPU
	EndGlobalSection
	GlobalSection(ProjectConfigurationPlatforms) = postSolution
		{604AC96E-6A03-0E71-44C5-2F3B178DD699}.Debug|Any CPU.ActiveCfg = Debug|Any CPU
		{604AC96E-6A03-0E71-44C5-2F3B178DD699}.Debug|Any CPU.Build.0 = Debug|Any CPU
		{604AC96E-6A03-0E71-44C5-2F3B178DD699}.Release|Any CPU.ActiveCfg = Release|Any CPU
		{604AC96E-6A03-0E71-44C5-2F3B178DD699}.Release|Any CPU.Build.0 = Release|Any CPU
	EndGlobalSection
	GlobalSection(SolutionProperties) = preSolution
		HideSolutionNode = FALSE
	EndGlobalSection
	GlobalSection(ExtensibilityGlobals) = postSolution
		SolutionGuid = {14262770-5188-47C2-BCB3-5EB860AC1349}
	EndGlobalSection
EndGlobal
